
Microsoft Visual Studio Solution File, Format Version 12.00
# Visual Studio Version 16
VisualStudioVersion = 16.0.30804.86
MinimumVisualStudioVersion = 10.0.40219.1
Project("{9A19103F-16F7-4668-BE54-9A1E7A4F7556}") = "Service2", "Service2\Service2.csproj", "{714648C5-7C27-40F8-AFD5-9D6D6FC9127C}"
EndProject
Project("{FAE04EC0-301F-11D3-BF4B-00C04F79EFBC}") = "Service2.Tests", "Service2.Tests\Service2.Tests.csproj", "{5AF5A3A5-9ACB-4E88-B4CF-5464BDBE22C0}"
EndProject
Project("{FAE04EC0-301F-11D3-BF4B-00C04F79EFBC}") = "Shared", "Shared\Shared.csproj", "{0CCD2EBE-D081-4DA6-BE71-6B8DA03E0E23}"
EndProject
Global
	GlobalSection(SolutionConfigurationPlatforms) = preSolution
		Debug|Any CPU = Debug|Any CPU
		Release|Any CPU = Release|Any CPU
	EndGlobalSection
	GlobalSection(ProjectConfigurationPlatforms) = postSolution
		{714648C5-7C27-40F8-AFD5-9D6D6FC9127C}.Debug|Any CPU.ActiveCfg = Debug|Any CPU
		{714648C5-7C27-40F8-AFD5-9D6D6FC9127C}.Debug|Any CPU.Build.0 = Debug|Any CPU
		{714648C5-7C27-40F8-AFD5-9D6D6FC9127C}.Release|Any CPU.ActiveCfg = Release|Any CPU
		{714648C5-7C27-40F8-AFD5-9D6D6FC9127C}.Release|Any CPU.Build.0 = Release|Any CPU
		{5AF5A3A5-9ACB-4E88-B4CF-5464BDBE22C0}.Debug|Any CPU.ActiveCfg = Debug|Any CPU
		{5AF5A3A5-9ACB-4E88-B4CF-5464BDBE22C0}.Debug|Any CPU.Build.0 = Debug|Any CPU
		{5AF5A3A5-9ACB-4E88-B4CF-5464BDBE22C0}.Release|Any CPU.ActiveCfg = Release|Any CPU
		{5AF5A3A5-9ACB-4E88-B4CF-5464BDBE22C0}.Release|Any CPU.Build.0 = Release|Any CPU
		{0CCD2EBE-D081-4DA6-BE71-6B8DA03E0E23}.Debug|Any CPU.ActiveCfg = Debug|Any CPU
		{0CCD2EBE-D081-4DA6-BE71-6B8DA03E0E23}.Debug|Any CPU.Build.0 = Debug|Any CPU
		{0CCD2EBE-D081-4DA6-BE71-6B8DA03E0E23}.Release|Any CPU.ActiveCfg = Release|Any CPU
		{0CCD2EBE-D081-4DA6-BE71-6B8DA03E0E23}.Release|Any CPU.Build.0 = Release|Any CPU
	EndGlobalSection
	GlobalSection(SolutionProperties) = preSolution
		HideSolutionNode = FALSE
	EndGlobalSection
	GlobalSection(ExtensibilityGlobals) = postSolution
		SolutionGuid = {331FA7CC-F862-40B8-ABED-17255B7C7882}
	EndGlobalSection
EndGlobal
