
Microsoft Visual Studio Solution File, Format Version 12.00
# Visual Studio Version 16
VisualStudioVersion = 16.0.30717.126
MinimumVisualStudioVersion = 10.0.40219.1
Project("{9A19103F-16F7-4668-BE54-9A1E7A4F7556}") = "Service1", "Service1\Service1.csproj", "{D7290F29-CA25-4B87-ADF0-C0363BA00E48}"
EndProject
Project("{9A19103F-16F7-4668-BE54-9A1E7A4F7556}") = "Service2", "Service2\Service2.csproj", "{0602740B-7D22-4884-9DB6-54F29B99E919}"
EndProject
Project("{9A19103F-16F7-4668-BE54-9A1E7A4F7556}") = "Shared", "Shared\Shared.csproj", "{95E532A3-01B1-478F-B2C8-8B62BA516E99}"
EndProject
Project("{FAE04EC0-301F-11D3-BF4B-00C04F79EFBC}") = "Shared.Tests", "Shared.Tests\Shared.Tests.csproj", "{BA819E8F-CF21-4343-BE10-CE63A1FF34DF}"
EndProject
Global
	GlobalSection(SolutionConfigurationPlatforms) = preSolution
		Debug|Any CPU = Debug|Any CPU
		Release|Any CPU = Release|Any CPU
	EndGlobalSection
	GlobalSection(ProjectConfigurationPlatforms) = postSolution
		{D7290F29-CA25-4B87-ADF0-C0363BA00E48}.Debug|Any CPU.ActiveCfg = Debug|Any CPU
		{D7290F29-CA25-4B87-ADF0-C0363BA00E48}.Debug|Any CPU.Build.0 = Debug|Any CPU
		{D7290F29-CA25-4B87-ADF0-C0363BA00E48}.Release|Any CPU.ActiveCfg = Release|Any CPU
		{D7290F29-CA25-4B87-ADF0-C0363BA00E48}.Release|Any CPU.Build.0 = Release|Any CPU
		{0602740B-7D22-4884-9DB6-54F29B99E919}.Debug|Any CPU.ActiveCfg = Debug|Any CPU
		{0602740B-7D22-4884-9DB6-54F29B99E919}.Debug|Any CPU.Build.0 = Debug|Any CPU
		{0602740B-7D22-4884-9DB6-54F29B99E919}.Release|Any CPU.ActiveCfg = Release|Any CPU
		{0602740B-7D22-4884-9DB6-54F29B99E919}.Release|Any CPU.Build.0 = Release|Any CPU
		{95E532A3-01B1-478F-B2C8-8B62BA516E99}.Debug|Any CPU.ActiveCfg = Debug|Any CPU
		{95E532A3-01B1-478F-B2C8-8B62BA516E99}.Debug|Any CPU.Build.0 = Debug|Any CPU
		{95E532A3-01B1-478F-B2C8-8B62BA516E99}.Release|Any CPU.ActiveCfg = Release|Any CPU
		{95E532A3-01B1-478F-B2C8-8B62BA516E99}.Release|Any CPU.Build.0 = Release|Any CPU
		{BA819E8F-CF21-4343-BE10-CE63A1FF34DF}.Debug|Any CPU.ActiveCfg = Debug|Any CPU
		{BA819E8F-CF21-4343-BE10-CE63A1FF34DF}.Debug|Any CPU.Build.0 = Debug|Any CPU
		{BA819E8F-CF21-4343-BE10-CE63A1FF34DF}.Release|Any CPU.ActiveCfg = Release|Any CPU
		{BA819E8F-CF21-4343-BE10-CE63A1FF34DF}.Release|Any CPU.Build.0 = Release|Any CPU
	EndGlobalSection
	GlobalSection(SolutionProperties) = preSolution
		HideSolutionNode = FALSE
	EndGlobalSection
	GlobalSection(ExtensibilityGlobals) = postSolution
		SolutionGuid = {01B3B2B0-CD18-4154-9E78-8596B2842F6B}
	EndGlobalSection
EndGlobal
